{
    "name": "下拉选择框（单选）",
    "version": "v0.0.2",
    "lockfileVersion": 1,
    "requires": true,
    "dependencies": {
        "crypto-js": {
            "version": "4.1.1",
            "resolved": "https://repo.huaweicloud.com/repository/npm/crypto-js/-/crypto-js-4.1.1.tgz",
            "integrity": "sha512-o2JlM7ydqd3Qk9CA0L4NL6mTzU2sdx96a+oOfPu8Mkl/PK51vSyoi8/rQ8NknZtk44vq15lmhAj9CIAGwgeWKw=="
        }
    }
}
